Microsoft Visual Studio Solution File, Format Version 12.00
# Visual Studio Version 17
VisualStudioVersion = 17.5.2.0
MinimumVisualStudioVersion = 10.0.40219.1
Project("{2150E333-8FDC-42A3-9474-1A3956D46DE8}") = "Revisao HTMLCSS", "Revisao HTMLCSS", "{EC3FEF04-970B-CD7F-13A5-427442672435}"
EndProject
Project("{2150E333-8FDC-42A3-9474-1A3956D46DE8}") = "RevisaoPOO", "RevisaoPOO", "{5AFDD93A-82D9-9511-C3AE-5CB94FCEFA7E}"
EndProject
Project("{FAE04EC0-301F-11D3-BF4B-00C04F79EFBC}") = "Atividade 01", "Revisao HTMLCSS\RevisaoPOO\Atividade 01\Atividade 01.csproj", "{6A5F0B66-7339-F23A-0587-C7DEB2F481E4}"
EndProject
Project("{FAE04EC0-301F-11D3-BF4B-00C04F79EFBC}") = "Atividade 02", "Revisao HTMLCSS\RevisaoPOO\Atividade 02\Atividade 02.csproj", "{0CA2D1A6-B84E-6224-3A88-3308718820EF}"
EndProject
Project("{FAE04EC0-301F-11D3-BF4B-00C04F79EFBC}") = "Atividade 03", "Revisao HTMLCSS\RevisaoPOO\Atividade 03\Atividade 03.csproj", "{1EEEFA00-E891-D8CF-9226-F8ABBCFC34EF}"
EndProject
Project("{FAE04EC0-301F-11D3-BF4B-00C04F79EFBC}") = "Atividade 04", "Revisao HTMLCSS\RevisaoPOO\Atividade 04\Atividade 04.csproj", "{58ABE06F-F031-DDE1-1F36-F200F22A5125}"
EndProject
Project("{FAE04EC0-301F-11D3-BF4B-00C04F79EFBC}") = "Atividade 06", "Revisao HTMLCSS\RevisaoPOO\Atividade 06\Atividade 06.csproj", "{5FD7B2E0-21B8-D84D-8928-EF9039E2E02F}"
EndProject
Project("{FAE04EC0-301F-11D3-BF4B-00C04F79EFBC}") = "Atividade 07", "Revisao HTMLCSS\RevisaoPOO\Atividade 07\Atividade 07.csproj", "{BC995B49-24F8-0BFF-9714-571E611A4D98}"
EndProject
Project("{FAE04EC0-301F-11D3-BF4B-00C04F79EFBC}") = "Atividade 08", "Revisao HTMLCSS\RevisaoPOO\Atividade 08\Atividade 08.csproj", "{B2EA3224-B8D8-5705-6E75-EF2567518FDE}"
EndProject
Project("{FAE04EC0-301F-11D3-BF4B-00C04F79EFBC}") = "Atividade 09", "Revisao HTMLCSS\RevisaoPOO\Atividade 09\Atividade 09.csproj", "{D881CE08-7B7F-B222-FC8E-B683C140099B}"
EndProject
Project("{FAE04EC0-301F-11D3-BF4B-00C04F79EFBC}") = "Atividade 5", "Revisao HTMLCSS\RevisaoPOO\Atividade 5\Atividade 5.csproj", "{2A58621D-34E8-61CC-98C2-8FFB90BA3EC8}"
EndProject
Global
	GlobalSection(SolutionConfigurationPlatforms) = preSolution
		Debug|Any CPU = Debug|Any CPU
		Release|Any CPU = Release|Any CPU
	EndGlobalSection
	GlobalSection(ProjectConfigurationPlatforms) = postSolution
		{6A5F0B66-7339-F23A-0587-C7DEB2F481E4}.Debug|Any CPU.ActiveCfg = Debug|Any CPU
		{6A5F0B66-7339-F23A-0587-C7DEB2F481E4}.Debug|Any CPU.Build.0 = Debug|Any CPU
		{6A5F0B66-7339-F23A-0587-C7DEB2F481E4}.Release|Any CPU.ActiveCfg = Release|Any CPU
		{6A5F0B66-7339-F23A-0587-C7DEB2F481E4}.Release|Any CPU.Build.0 = Release|Any CPU
		{0CA2D1A6-B84E-6224-3A88-3308718820EF}.Debug|Any CPU.ActiveCfg = Debug|Any CPU
		{0CA2D1A6-B84E-6224-3A88-3308718820EF}.Debug|Any CPU.Build.0 = Debug|Any CPU
		{0CA2D1A6-B84E-6224-3A88-3308718820EF}.Release|Any CPU.ActiveCfg = Release|Any CPU
		{0CA2D1A6-B84E-6224-3A88-3308718820EF}.Release|Any CPU.Build.0 = Release|Any CPU
		{1EEEFA00-E891-D8CF-9226-F8ABBCFC34EF}.Debug|Any CPU.ActiveCfg = Debug|Any CPU
		{1EEEFA00-E891-D8CF-9226-F8ABBCFC34EF}.Debug|Any CPU.Build.0 = Debug|Any CPU
		{1EEEFA00-E891-D8CF-9226-F8ABBCFC34EF}.Release|Any CPU.ActiveCfg = Release|Any CPU
		{1EEEFA00-E891-D8CF-9226-F8ABBCFC34EF}.Release|Any CPU.Build.0 = Release|Any CPU
		{58ABE06F-F031-DDE1-1F36-F200F22A5125}.Debug|Any CPU.ActiveCfg = Debug|Any CPU
		{58ABE06F-F031-DDE1-1F36-F200F22A5125}.Debug|Any CPU.Build.0 = Debug|Any CPU
		{58ABE06F-F031-DDE1-1F36-F200F22A5125}.Release|Any CPU.ActiveCfg = Release|Any CPU
		{58ABE06F-F031-DDE1-1F36-F200F22A5125}.Release|Any CPU.Build.0 = Release|Any CPU
		{5FD7B2E0-21B8-D84D-8928-EF9039E2E02F}.Debug|Any CPU.ActiveCfg = Debug|Any CPU
		{5FD7B2E0-21B8-D84D-8928-EF9039E2E02F}.Debug|Any CPU.Build.0 = Debug|Any CPU
		{5FD7B2E0-21B8-D84D-8928-EF9039E2E02F}.Release|Any CPU.ActiveCfg = Release|Any CPU
		{5FD7B2E0-21B8-D84D-8928-EF9039E2E02F}.Release|Any CPU.Build.0 = Release|Any CPU
		{BC995B49-24F8-0BFF-9714-571E611A4D98}.Debug|Any CPU.ActiveCfg = Debug|Any CPU
		{BC995B49-24F8-0BFF-9714-571E611A4D98}.Debug|Any CPU.Build.0 = Debug|Any CPU
		{BC995B49-24F8-0BFF-9714-571E611A4D98}.Release|Any CPU.ActiveCfg = Release|Any CPU
		{BC995B49-24F8-0BFF-9714-571E611A4D98}.Release|Any CPU.Build.0 = Release|Any CPU
		{B2EA3224-B8D8-5705-6E75-EF2567518FDE}.Debug|Any CPU.ActiveCfg = Debug|Any CPU
		{B2EA3224-B8D8-5705-6E75-EF2567518FDE}.Debug|Any CPU.Build.0 = Debug|Any CPU
		{B2EA3224-B8D8-5705-6E75-EF2567518FDE}.Release|Any CPU.ActiveCfg = Release|Any CPU
		{B2EA3224-B8D8-5705-6E75-EF2567518FDE}.Release|Any CPU.Build.0 = Release|Any CPU
		{D881CE08-7B7F-B222-FC8E-B683C140099B}.Debug|Any CPU.ActiveCfg = Debug|Any CPU
		{D881CE08-7B7F-B222-FC8E-B683C140099B}.Debug|Any CPU.Build.0 = Debug|Any CPU
		{D881CE08-7B7F-B222-FC8E-B683C140099B}.Release|Any CPU.ActiveCfg = Release|Any CPU
		{D881CE08-7B7F-B222-FC8E-B683C140099B}.Release|Any CPU.Build.0 = Release|Any CPU
		{2A58621D-34E8-61CC-98C2-8FFB90BA3EC8}.Debug|Any CPU.ActiveCfg = Debug|Any CPU
		{2A58621D-34E8-61CC-98C2-8FFB90BA3EC8}.Debug|Any CPU.Build.0 = Debug|Any CPU
		{2A58621D-34E8-61CC-98C2-8FFB90BA3EC8}.Release|Any CPU.ActiveCfg = Release|Any CPU
		{2A58621D-34E8-61CC-98C2-8FFB90BA3EC8}.Release|Any CPU.Build.0 = Release|Any CPU
	EndGlobalSection
	GlobalSection(SolutionProperties) = preSolution
		HideSolutionNode = FALSE
	EndGlobalSection
	GlobalSection(NestedProjects) = preSolution
		{5AFDD93A-82D9-9511-C3AE-5CB94FCEFA7E} = {EC3FEF04-970B-CD7F-13A5-427442672435}
		{6A5F0B66-7339-F23A-0587-C7DEB2F481E4} = {5AFDD93A-82D9-9511-C3AE-5CB94FCEFA7E}
		{0CA2D1A6-B84E-6224-3A88-3308718820EF} = {5AFDD93A-82D9-9511-C3AE-5CB94FCEFA7E}
		{1EEEFA00-E891-D8CF-9226-F8ABBCFC34EF} = {5AFDD93A-82D9-9511-C3AE-5CB94FCEFA7E}
		{58ABE06F-F031-DDE1-1F36-F200F22A5125} = {5AFDD93A-82D9-9511-C3AE-5CB94FCEFA7E}
		{5FD7B2E0-21B8-D84D-8928-EF9039E2E02F} = {5AFDD93A-82D9-9511-C3AE-5CB94FCEFA7E}
		{BC995B49-24F8-0BFF-9714-571E611A4D98} = {5AFDD93A-82D9-9511-C3AE-5CB94FCEFA7E}
		{B2EA3224-B8D8-5705-6E75-EF2567518FDE} = {5AFDD93A-82D9-9511-C3AE-5CB94FCEFA7E}
		{D881CE08-7B7F-B222-FC8E-B683C140099B} = {5AFDD93A-82D9-9511-C3AE-5CB94FCEFA7E}
		{2A58621D-34E8-61CC-98C2-8FFB90BA3EC8} = {5AFDD93A-82D9-9511-C3AE-5CB94FCEFA7E}
	EndGlobalSection
	GlobalSection(ExtensibilityGlobals) = postSolution
		SolutionGuid = {28382DC6-960D-4849-A278-AEC02BFF2B3F}
	EndGlobalSection
EndGlobal
